
Microsoft Visual Studio Solution File, Format Version 11.00
# Visual Studio 2010
Project("{FAE04EC0-301F-11D3-BF4B-00C04F79EFBC}") = "Assembly-CSharp", "Assembly-CSharp.csproj", "{609C74D2-D166-697B-43D2-FD590704895B}"
EndProject
Project("{FAE04EC0-301F-11D3-BF4B-00C04F79EFBC}") = "Assembly-CSharp-Editor", "Assembly-CSharp-Editor.csproj", "{0B6FE710-E31B-1776-24BA-365354B768AD}"
EndProject
Global
	GlobalSection(SolutionConfigurationPlatforms) = preSolution
		Debug|Any CPU = Debug|Any CPU
		Release|Any CPU = Release|Any CPU
	EndGlobalSection
	GlobalSection(ProjectConfigurationPlatforms) = postSolution
		{609C74D2-D166-697B-43D2-FD590704895B}.Debug|Any CPU.ActiveCfg = Debug|Any CPU
		{609C74D2-D166-697B-43D2-FD590704895B}.Debug|Any CPU.Build.0 = Debug|Any CPU
		{609C74D2-D166-697B-43D2-FD590704895B}.Release|Any CPU.ActiveCfg = Release|Any CPU
		{609C74D2-D166-697B-43D2-FD590704895B}.Release|Any CPU.Build.0 = Release|Any CPU
		{0B6FE710-E31B-1776-24BA-365354B768AD}.Debug|Any CPU.ActiveCfg = Debug|Any CPU
		{0B6FE710-E31B-1776-24BA-365354B768AD}.Debug|Any CPU.Build.0 = Debug|Any CPU
		{0B6FE710-E31B-1776-24BA-365354B768AD}.Release|Any CPU.ActiveCfg = Release|Any CPU
		{0B6FE710-E31B-1776-24BA-365354B768AD}.Release|Any CPU.Build.0 = Release|Any CPU
	EndGlobalSection
	GlobalSection(SolutionProperties) = preSolution
		HideSolutionNode = FALSE
	EndGlobalSection
EndGlobal
